
Microsoft Visual Studio Solution File, Format Version 12.00
# Visual Studio Version 16
VisualStudioVersion = 16.0.29215.179
MinimumVisualStudioVersion = 10.0.40219.1
Project("{8BC9CEB8-8B4A-11D0-8D11-00A0C91BC942}") = "proiect", "proiect.vcxproj", "{B61746AC-90F7-4E85-A29F-4EB63592F591}"
EndProject
Global
	GlobalSection(SolutionConfigurationPlatforms) = preSolution
		Debug|x64 = Debug|x64
		Debug|x86 = Debug|x86
		Release|x64 = Release|x64
		Release|x86 = Release|x86
	EndGlobalSection
	GlobalSection(ProjectConfigurationPlatforms) = postSolution
		{B61746AC-90F7-4E85-A29F-4EB63592F591}.Debug|x64.ActiveCfg = Debug|x64
		{B61746AC-90F7-4E85-A29F-4EB63592F591}.Debug|x64.Build.0 = Debug|x64
		{B61746AC-90F7-4E85-A29F-4EB63592F591}.Debug|x86.ActiveCfg = Debug|Win32
		{B61746AC-90F7-4E85-A29F-4EB63592F591}.Debug|x86.Build.0 = Debug|Win32
		{B61746AC-90F7-4E85-A29F-4EB63592F591}.Release|x64.ActiveCfg = Release|x64
		{B61746AC-90F7-4E85-A29F-4EB63592F591}.Release|x64.Build.0 = Release|x64
		{B61746AC-90F7-4E85-A29F-4EB63592F591}.Release|x86.ActiveCfg = Release|Win32
		{B61746AC-90F7-4E85-A29F-4EB63592F591}.Release|x86.Build.0 = Release|Win32
	EndGlobalSection
	GlobalSection(SolutionProperties) = preSolution
		HideSolutionNode = FALSE
	EndGlobalSection
	GlobalSection(ExtensibilityGlobals) = postSolution
		SolutionGuid = {1E5DCC1D-DAC5-463A-9192-96610EF87987}
	EndGlobalSection
EndGlobal
